
Microsoft Visual Studio Solution File, Format Version 12.00
# Visual Studio Version 16
VisualStudioVersion = 16.0.29926.136
MinimumVisualStudioVersion = 10.0.40219.1
Project("{8BC9CEB8-8B4A-11D0-8D11-00A0C91BC942}") = "Game of Life 2D", "Game of Life 2D.vcxproj", "{A8BE32D9-B720-413F-B586-CABE812C27CD}"
EndProject
Global
	GlobalSection(SolutionConfigurationPlatforms) = preSolution
		Debug|x64 = Debug|x64
		Debug|x86 = Debug|x86
		Release|x64 = Release|x64
		Release|x86 = Release|x86
	EndGlobalSection
	GlobalSection(ProjectConfigurationPlatforms) = postSolution
		{A8BE32D9-B720-413F-B586-CABE812C27CD}.Debug|x64.ActiveCfg = Debug|x64
		{A8BE32D9-B720-413F-B586-CABE812C27CD}.Debug|x64.Build.0 = Debug|x64
		{A8BE32D9-B720-413F-B586-CABE812C27CD}.Debug|x86.ActiveCfg = Debug|Win32
		{A8BE32D9-B720-413F-B586-CABE812C27CD}.Debug|x86.Build.0 = Debug|Win32
		{A8BE32D9-B720-413F-B586-CABE812C27CD}.Release|x64.ActiveCfg = Release|x64
		{A8BE32D9-B720-413F-B586-CABE812C27CD}.Release|x64.Build.0 = Release|x64
		{A8BE32D9-B720-413F-B586-CABE812C27CD}.Release|x86.ActiveCfg = Release|Win32
		{A8BE32D9-B720-413F-B586-CABE812C27CD}.Release|x86.Build.0 = Release|Win32
	EndGlobalSection
	GlobalSection(SolutionProperties) = preSolution
		HideSolutionNode = FALSE
	EndGlobalSection
	GlobalSection(ExtensibilityGlobals) = postSolution
		SolutionGuid = {DAB414F9-99D0-49D5-B8DB-C019ED035E07}
	EndGlobalSection
EndGlobal
